{
  "originHash" : "40839cc7ae506c644480ccd4c99361e2dff34a3612da395318f4021539d98dac",
  "pins" : [
    {
      "identity" : "stopplay",
      "kind" : "remoteSourceControl",
      "location" : "https://github.com/DylanPlutarcoo/StopPlay.git",
      "state" : {
        "branch" : "dev",
        "revision" : "bf77626226d756340d0dc04ee084e0ba67ef36d4"
      }
    }
  ],
  "version" : 3
}
