{
  "originHash" : "40839cc7ae506c644480ccd4c99361e2dff34a3612da395318f4021539d98dac",
  "pins" : [
    {
      "identity" : "stopplay",
      "kind" : "remoteSourceControl",
      "location" : "https://github.com/DylanPlutarcoo/StopPlay.git",
      "state" : {
        "branch" : "dev",
        "revision" : "11b7e4878e1c1f95aa3d2700e688483eb01a7844"
      }
    }
  ],
  "version" : 3
}
